
Microsoft Visual Studio Solution File, Format Version 12.00
# Visual Studio Version 16
VisualStudioVersion = 16.0.30709.132
MinimumVisualStudioVersion = 10.0.40219.1
Project("{FAE04EC0-301F-11D3-BF4B-00C04F79EFBC}") = "Site Pessoal", "Site Pessoal\Site Pessoal.csproj", "{716D0131-6AD2-474D-8B39-496C11C564D9}"
EndProject
Global
	GlobalSection(SolutionConfigurationPlatforms) = preSolution
		Debug|Any CPU = Debug|Any CPU
		Release|Any CPU = Release|Any CPU
	EndGlobalSection
	GlobalSection(ProjectConfigurationPlatforms) = postSolution
		{716D0131-6AD2-474D-8B39-496C11C564D9}.Debug|Any CPU.ActiveCfg = Debug|Any CPU
		{716D0131-6AD2-474D-8B39-496C11C564D9}.Debug|Any CPU.Build.0 = Debug|Any CPU
		{716D0131-6AD2-474D-8B39-496C11C564D9}.Release|Any CPU.ActiveCfg = Release|Any CPU
		{716D0131-6AD2-474D-8B39-496C11C564D9}.Release|Any CPU.Build.0 = Release|Any CPU
	EndGlobalSection
	GlobalSection(SolutionProperties) = preSolution
		HideSolutionNode = FALSE
	EndGlobalSection
	GlobalSection(ExtensibilityGlobals) = postSolution
		SolutionGuid = {B84B4331-505F-4385-9835-AA5281DC59D8}
	EndGlobalSection
EndGlobal
